
Microsoft Visual Studio Solution File, Format Version 12.00
# Visual Studio Version 17
VisualStudioVersion = 17.11.35303.130
MinimumVisualStudioVersion = 10.0.40219.1
Project("{2150E333-8FDC-42A3-9474-1A3956D46DE8}") = "101-Console", "101-Console", "{2590BE66-9193-447F-8901-2933680A2A1A}"
EndProject
Project("{9A19103F-16F7-4668-BE54-9A1E7A4F7556}") = "Sample01.Basic.ConsoleApp", "Sample01.Basic.ConsoleApp\Sample01.Basic.ConsoleApp.csproj", "{18EF005C-D575-43EE-9950-E9D5F98BF2F3}"
EndProject
Project("{9A19103F-16F7-4668-BE54-9A1E7A4F7556}") = "Sample02.Basic.ConsoleApp.ChainRequest", "Sample02.Basic.ConsoleApp.ChainRequest\Sample02.Basic.ConsoleApp.ChainRequest.csproj", "{35818647-CF34-4B61-870E-B57E0DCBA9C5}"
EndProject
Project("{9A19103F-16F7-4668-BE54-9A1E7A4F7556}") = "Sample03.Basic.ConsoleApp.ProjectStructure", "Sample03.Basic.ConsoleApp.ProjectStructure\Sample03.Basic.ConsoleApp.ProjectStructure.csproj", "{4EA410F2-9384-466E-8902-AF937E711EAA}"
EndProject
Project("{9A19103F-16F7-4668-BE54-9A1E7A4F7556}") = "Sample04.Basic.ConsoleApp.WorkWithDatabase", "Sample04.Basic.ConsoleApp.WorkWithDatabase\Sample04.Basic.ConsoleApp.WorkWithDatabase.csproj", "{93EFBAE6-34BE-418D-A696-54C606CABB46}"
EndProject
Project("{9A19103F-16F7-4668-BE54-9A1E7A4F7556}") = "Sample05.Basic.ConsoleApp.WorkWithCorrelation", "Sample05.Basic.ConsoleApp.WorkWithCorrelation\Sample05.Basic.ConsoleApp.WorkWithCorrelation.csproj", "{C34C18A0-D81F-4916-BD40-D3D7C5FB03A4}"
EndProject
Project("{9A19103F-16F7-4668-BE54-9A1E7A4F7556}") = "Sample06.Basic.ConsoleApp.CustomCorrelationContext", "Sample06.Basic.ConsoleApp.CustomCorrelationContext\Sample06.Basic.ConsoleApp.CustomCorrelationContext.csproj", "{31DB0D84-6AC6-438B-BBF3-FED5ED5DED91}"
EndProject
Project("{9A19103F-16F7-4668-BE54-9A1E7A4F7556}") = "Sample07.Basic.ConsoleApp.ModelMapping", "Sample07.Basic.ConsoleApp.ModelMapping\Sample07.Basic.ConsoleApp.ModelMapping.csproj", "{FB789228-CE35-4DE7-8A2B-2562F974B7CF}"
EndProject
Project("{9A19103F-16F7-4668-BE54-9A1E7A4F7556}") = "Sample08.Basic.ConsoleApp.ReferenceOtherProjects", "Sample08.Basic.ConsoleApp.ReferenceOtherProjects\Sample08.Basic.ConsoleApp.ReferenceOtherProjects.csproj", "{F5D973E5-88C0-407F-8B8B-9063C56156ED}"
EndProject
Project("{9A19103F-16F7-4668-BE54-9A1E7A4F7556}") = "Sample09.Basic.ConsoleApp.PublishToMultipleHandlers", "Sample09.Basic.ConsoleApp.PublishToMultipleHandlers\Sample09.Basic.ConsoleApp.PublishToMultipleHandlers.csproj", "{049C8858-DF7D-4372-AF5D-F8E437AFFC23}"
EndProject
Project("{9A19103F-16F7-4668-BE54-9A1E7A4F7556}") = "Sample10.Basic.ConsoleApp.LongRunningTask", "Sample10.Basic.ConsoleApp.LongRunningTask\Sample10.Basic.ConsoleApp.LongRunningTask.csproj", "{080E74CB-E71E-4A35-8A80-3CB524791A0B}"
EndProject
Project("{2150E333-8FDC-42A3-9474-1A3956D46DE8}") = "101-Web", "101-Web", "{A70C1F7A-01DB-4464-82B8-1BE91779D289}"
EndProject
Project("{9A19103F-16F7-4668-BE54-9A1E7A4F7556}") = "Sample11.Basic.WebApp.SetupProject", "Sample11.Basic.WebApp.SetupProject\Sample11.Basic.WebApp.SetupProject.csproj", "{98C1992E-04E4-4F39-A8D5-22CEC8B3ACF2}"
EndProject
Project("{9A19103F-16F7-4668-BE54-9A1E7A4F7556}") = "Sample12.Basic.WebApp.ChainRequest", "Sample12.Basic.WebApp.ChainRequest\Sample12.Basic.WebApp.ChainRequest.csproj", "{70B6AE6F-57E2-4837-BADF-786B54603BE1}"
EndProject
Project("{9A19103F-16F7-4668-BE54-9A1E7A4F7556}") = "Sample13.Basic.WebApp.ProjectStructure", "Sample13.Basic.WebApp.ProjectStructure\Sample13.Basic.WebApp.ProjectStructure.csproj", "{AF368B55-03AE-480E-AB77-1D24B1069DDA}"
EndProject
Project("{9A19103F-16F7-4668-BE54-9A1E7A4F7556}") = "Sample14.Basic.WebApp.WebInitializer", "Sample14.Basic.WebApp.WebInitializer\Sample14.Basic.WebApp.WebInitializer.csproj", "{91C0DF62-DEC5-4FFC-B214-11228D4C20EE}"
EndProject
Project("{9A19103F-16F7-4668-BE54-9A1E7A4F7556}") = "Sample15.Basic.WebApp.WorkWithDatabase", "Sample15.Basic.WebApp.WorkWithDatabase\Sample15.Basic.WebApp.WorkWithDatabase.csproj", "{CF12A47E-50C8-4699-8958-393D3769F7D9}"
EndProject
Project("{2150E333-8FDC-42A3-9474-1A3956D46DE8}") = "102-Cross-Services", "102-Cross-Services", "{CF40514F-5747-4D5A-9FDF-4CAAE3AF025D}"
EndProject
Project("{9A19103F-16F7-4668-BE54-9A1E7A4F7556}") = "Sample16.RemoteRequest.ConsoleApp1", "Sample16.RemoteRequest.ConsoleApp1\Sample16.RemoteRequest.ConsoleApp1.csproj", "{DB5491F9-43C3-45BA-98C4-91F8DA0F88F7}"
EndProject
Project("{9A19103F-16F7-4668-BE54-9A1E7A4F7556}") = "Sample16.RemoteRequest.ConsoleApp2", "Sample16.RemoteRequest.ConsoleApp2\Sample16.RemoteRequest.ConsoleApp2.csproj", "{93B4B691-726A-4313-B671-BD3FA93454F2}"
EndProject
Project("{9A19103F-16F7-4668-BE54-9A1E7A4F7556}") = "Sample16.RemoteRequest.Shared", "Sample16.RemoteRequest.Shared\Sample16.RemoteRequest.Shared.csproj", "{AE4B9CE2-70FA-4192-BFF6-92206303E36D}"
EndProject
Project("{9A19103F-16F7-4668-BE54-9A1E7A4F7556}") = "Sample17.RemoteRequest.WebApp", "Sample17.RemoteRequest.WebApp\Sample17.RemoteRequest.WebApp.csproj", "{90E76790-DDD1-4261-B040-665CB0FE8147}"
EndProject
Project("{9A19103F-16F7-4668-BE54-9A1E7A4F7556}") = "Sample18.RemotePublish.ConsoleApp1", "Sample18.RemotePublish.ConsoleApp1\Sample18.RemotePublish.ConsoleApp1.csproj", "{6A704E37-664D-4283-8A5A-76F0C067EC4C}"
EndProject
Project("{9A19103F-16F7-4668-BE54-9A1E7A4F7556}") = "Sample18.RemotePublish.ConsoleApp2", "Sample18.RemotePublish.ConsoleApp2\Sample18.RemotePublish.ConsoleApp2.csproj", "{D00F5965-7924-4681-A2C7-794086FF5FF1}"
EndProject
Project("{9A19103F-16F7-4668-BE54-9A1E7A4F7556}") = "Sample18.RemotePublish.Shared", "Sample18.RemotePublish.Shared\Sample18.RemotePublish.Shared.csproj", "{80750CFC-2706-43D4-B782-82C78446135A}"
EndProject
Project("{9A19103F-16F7-4668-BE54-9A1E7A4F7556}") = "Sample18.RemotePublish.ConsoleApp3", "Sample18.RemotePublish.ConsoleApp3\Sample18.RemotePublish.ConsoleApp3.csproj", "{E7B6C401-9E4F-450D-8CD7-5AED48CA71D0}"
EndProject
Project("{9A19103F-16F7-4668-BE54-9A1E7A4F7556}") = "Sample18.RemotePublish.ConsoleApp4", "Sample18.RemotePublish.ConsoleApp4\Sample18.RemotePublish.ConsoleApp4.csproj", "{E0E8A90A-0E98-4367-B462-60D82F03EB26}"
EndProject
Global
	GlobalSection(SolutionConfigurationPlatforms) = preSolution
		Debug|Any CPU = Debug|Any CPU
		Release|Any CPU = Release|Any CPU
	EndGlobalSection
	GlobalSection(ProjectConfigurationPlatforms) = postSolution
		{18EF005C-D575-43EE-9950-E9D5F98BF2F3}.Debug|Any CPU.ActiveCfg = Debug|Any CPU
		{18EF005C-D575-43EE-9950-E9D5F98BF2F3}.Debug|Any CPU.Build.0 = Debug|Any CPU
		{18EF005C-D575-43EE-9950-E9D5F98BF2F3}.Release|Any CPU.ActiveCfg = Release|Any CPU
		{18EF005C-D575-43EE-9950-E9D5F98BF2F3}.Release|Any CPU.Build.0 = Release|Any CPU
		{35818647-CF34-4B61-870E-B57E0DCBA9C5}.Debug|Any CPU.ActiveCfg = Debug|Any CPU
		{35818647-CF34-4B61-870E-B57E0DCBA9C5}.Debug|Any CPU.Build.0 = Debug|Any CPU
		{35818647-CF34-4B61-870E-B57E0DCBA9C5}.Release|Any CPU.ActiveCfg = Release|Any CPU
		{35818647-CF34-4B61-870E-B57E0DCBA9C5}.Release|Any CPU.Build.0 = Release|Any CPU
		{4EA410F2-9384-466E-8902-AF937E711EAA}.Debug|Any CPU.ActiveCfg = Debug|Any CPU
		{4EA410F2-9384-466E-8902-AF937E711EAA}.Debug|Any CPU.Build.0 = Debug|Any CPU
		{4EA410F2-9384-466E-8902-AF937E711EAA}.Release|Any CPU.ActiveCfg = Release|Any CPU
		{4EA410F2-9384-466E-8902-AF937E711EAA}.Release|Any CPU.Build.0 = Release|Any CPU
		{93EFBAE6-34BE-418D-A696-54C606CABB46}.Debug|Any CPU.ActiveCfg = Debug|Any CPU
		{93EFBAE6-34BE-418D-A696-54C606CABB46}.Debug|Any CPU.Build.0 = Debug|Any CPU
		{93EFBAE6-34BE-418D-A696-54C606CABB46}.Release|Any CPU.ActiveCfg = Release|Any CPU
		{93EFBAE6-34BE-418D-A696-54C606CABB46}.Release|Any CPU.Build.0 = Release|Any CPU
		{C34C18A0-D81F-4916-BD40-D3D7C5FB03A4}.Debug|Any CPU.ActiveCfg = Debug|Any CPU
		{C34C18A0-D81F-4916-BD40-D3D7C5FB03A4}.Debug|Any CPU.Build.0 = Debug|Any CPU
		{C34C18A0-D81F-4916-BD40-D3D7C5FB03A4}.Release|Any CPU.ActiveCfg = Release|Any CPU
		{C34C18A0-D81F-4916-BD40-D3D7C5FB03A4}.Release|Any CPU.Build.0 = Release|Any CPU
		{31DB0D84-6AC6-438B-BBF3-FED5ED5DED91}.Debug|Any CPU.ActiveCfg = Debug|Any CPU
		{31DB0D84-6AC6-438B-BBF3-FED5ED5DED91}.Debug|Any CPU.Build.0 = Debug|Any CPU
		{31DB0D84-6AC6-438B-BBF3-FED5ED5DED91}.Release|Any CPU.ActiveCfg = Release|Any CPU
		{31DB0D84-6AC6-438B-BBF3-FED5ED5DED91}.Release|Any CPU.Build.0 = Release|Any CPU
		{FB789228-CE35-4DE7-8A2B-2562F974B7CF}.Debug|Any CPU.ActiveCfg = Debug|Any CPU
		{FB789228-CE35-4DE7-8A2B-2562F974B7CF}.Debug|Any CPU.Build.0 = Debug|Any CPU
		{FB789228-CE35-4DE7-8A2B-2562F974B7CF}.Release|Any CPU.ActiveCfg = Release|Any CPU
		{FB789228-CE35-4DE7-8A2B-2562F974B7CF}.Release|Any CPU.Build.0 = Release|Any CPU
		{F5D973E5-88C0-407F-8B8B-9063C56156ED}.Debug|Any CPU.ActiveCfg = Debug|Any CPU
		{F5D973E5-88C0-407F-8B8B-9063C56156ED}.Debug|Any CPU.Build.0 = Debug|Any CPU
		{F5D973E5-88C0-407F-8B8B-9063C56156ED}.Release|Any CPU.ActiveCfg = Release|Any CPU
		{F5D973E5-88C0-407F-8B8B-9063C56156ED}.Release|Any CPU.Build.0 = Release|Any CPU
		{049C8858-DF7D-4372-AF5D-F8E437AFFC23}.Debug|Any CPU.ActiveCfg = Debug|Any CPU
		{049C8858-DF7D-4372-AF5D-F8E437AFFC23}.Debug|Any CPU.Build.0 = Debug|Any CPU
		{049C8858-DF7D-4372-AF5D-F8E437AFFC23}.Release|Any CPU.ActiveCfg = Release|Any CPU
		{049C8858-DF7D-4372-AF5D-F8E437AFFC23}.Release|Any CPU.Build.0 = Release|Any CPU
		{080E74CB-E71E-4A35-8A80-3CB524791A0B}.Debug|Any CPU.ActiveCfg = Debug|Any CPU
		{080E74CB-E71E-4A35-8A80-3CB524791A0B}.Debug|Any CPU.Build.0 = Debug|Any CPU
		{080E74CB-E71E-4A35-8A80-3CB524791A0B}.Release|Any CPU.ActiveCfg = Release|Any CPU
		{080E74CB-E71E-4A35-8A80-3CB524791A0B}.Release|Any CPU.Build.0 = Release|Any CPU
		{98C1992E-04E4-4F39-A8D5-22CEC8B3ACF2}.Debug|Any CPU.ActiveCfg = Debug|Any CPU
		{98C1992E-04E4-4F39-A8D5-22CEC8B3ACF2}.Debug|Any CPU.Build.0 = Debug|Any CPU
		{98C1992E-04E4-4F39-A8D5-22CEC8B3ACF2}.Release|Any CPU.ActiveCfg = Release|Any CPU
		{98C1992E-04E4-4F39-A8D5-22CEC8B3ACF2}.Release|Any CPU.Build.0 = Release|Any CPU
		{70B6AE6F-57E2-4837-BADF-786B54603BE1}.Debug|Any CPU.ActiveCfg = Debug|Any CPU
		{70B6AE6F-57E2-4837-BADF-786B54603BE1}.Debug|Any CPU.Build.0 = Debug|Any CPU
		{70B6AE6F-57E2-4837-BADF-786B54603BE1}.Release|Any CPU.ActiveCfg = Release|Any CPU
		{70B6AE6F-57E2-4837-BADF-786B54603BE1}.Release|Any CPU.Build.0 = Release|Any CPU
		{AF368B55-03AE-480E-AB77-1D24B1069DDA}.Debug|Any CPU.ActiveCfg = Debug|Any CPU
		{AF368B55-03AE-480E-AB77-1D24B1069DDA}.Debug|Any CPU.Build.0 = Debug|Any CPU
		{AF368B55-03AE-480E-AB77-1D24B1069DDA}.Release|Any CPU.ActiveCfg = Release|Any CPU
		{AF368B55-03AE-480E-AB77-1D24B1069DDA}.Release|Any CPU.Build.0 = Release|Any CPU
		{91C0DF62-DEC5-4FFC-B214-11228D4C20EE}.Debug|Any CPU.ActiveCfg = Debug|Any CPU
		{91C0DF62-DEC5-4FFC-B214-11228D4C20EE}.Debug|Any CPU.Build.0 = Debug|Any CPU
		{91C0DF62-DEC5-4FFC-B214-11228D4C20EE}.Release|Any CPU.ActiveCfg = Release|Any CPU
		{91C0DF62-DEC5-4FFC-B214-11228D4C20EE}.Release|Any CPU.Build.0 = Release|Any CPU
		{CF12A47E-50C8-4699-8958-393D3769F7D9}.Debug|Any CPU.ActiveCfg = Debug|Any CPU
		{CF12A47E-50C8-4699-8958-393D3769F7D9}.Debug|Any CPU.Build.0 = Debug|Any CPU
		{CF12A47E-50C8-4699-8958-393D3769F7D9}.Release|Any CPU.ActiveCfg = Release|Any CPU
		{CF12A47E-50C8-4699-8958-393D3769F7D9}.Release|Any CPU.Build.0 = Release|Any CPU
		{DB5491F9-43C3-45BA-98C4-91F8DA0F88F7}.Debug|Any CPU.ActiveCfg = Debug|Any CPU
		{DB5491F9-43C3-45BA-98C4-91F8DA0F88F7}.Debug|Any CPU.Build.0 = Debug|Any CPU
		{DB5491F9-43C3-45BA-98C4-91F8DA0F88F7}.Release|Any CPU.ActiveCfg = Release|Any CPU
		{DB5491F9-43C3-45BA-98C4-91F8DA0F88F7}.Release|Any CPU.Build.0 = Release|Any CPU
		{93B4B691-726A-4313-B671-BD3FA93454F2}.Debug|Any CPU.ActiveCfg = Debug|Any CPU
		{93B4B691-726A-4313-B671-BD3FA93454F2}.Debug|Any CPU.Build.0 = Debug|Any CPU
		{93B4B691-726A-4313-B671-BD3FA93454F2}.Release|Any CPU.ActiveCfg = Release|Any CPU
		{93B4B691-726A-4313-B671-BD3FA93454F2}.Release|Any CPU.Build.0 = Release|Any CPU
		{AE4B9CE2-70FA-4192-BFF6-92206303E36D}.Debug|Any CPU.ActiveCfg = Debug|Any CPU
		{AE4B9CE2-70FA-4192-BFF6-92206303E36D}.Debug|Any CPU.Build.0 = Debug|Any CPU
		{AE4B9CE2-70FA-4192-BFF6-92206303E36D}.Release|Any CPU.ActiveCfg = Release|Any CPU
		{AE4B9CE2-70FA-4192-BFF6-92206303E36D}.Release|Any CPU.Build.0 = Release|Any CPU
		{90E76790-DDD1-4261-B040-665CB0FE8147}.Debug|Any CPU.ActiveCfg = Debug|Any CPU
		{90E76790-DDD1-4261-B040-665CB0FE8147}.Debug|Any CPU.Build.0 = Debug|Any CPU
		{90E76790-DDD1-4261-B040-665CB0FE8147}.Release|Any CPU.ActiveCfg = Release|Any CPU
		{90E76790-DDD1-4261-B040-665CB0FE8147}.Release|Any CPU.Build.0 = Release|Any CPU
		{6A704E37-664D-4283-8A5A-76F0C067EC4C}.Debug|Any CPU.ActiveCfg = Debug|Any CPU
		{6A704E37-664D-4283-8A5A-76F0C067EC4C}.Debug|Any CPU.Build.0 = Debug|Any CPU
		{6A704E37-664D-4283-8A5A-76F0C067EC4C}.Release|Any CPU.ActiveCfg = Release|Any CPU
		{6A704E37-664D-4283-8A5A-76F0C067EC4C}.Release|Any CPU.Build.0 = Release|Any CPU
		{D00F5965-7924-4681-A2C7-794086FF5FF1}.Debug|Any CPU.ActiveCfg = Debug|Any CPU
		{D00F5965-7924-4681-A2C7-794086FF5FF1}.Debug|Any CPU.Build.0 = Debug|Any CPU
		{D00F5965-7924-4681-A2C7-794086FF5FF1}.Release|Any CPU.ActiveCfg = Release|Any CPU
		{D00F5965-7924-4681-A2C7-794086FF5FF1}.Release|Any CPU.Build.0 = Release|Any CPU
		{80750CFC-2706-43D4-B782-82C78446135A}.Debug|Any CPU.ActiveCfg = Debug|Any CPU
		{80750CFC-2706-43D4-B782-82C78446135A}.Debug|Any CPU.Build.0 = Debug|Any CPU
		{80750CFC-2706-43D4-B782-82C78446135A}.Release|Any CPU.ActiveCfg = Release|Any CPU
		{80750CFC-2706-43D4-B782-82C78446135A}.Release|Any CPU.Build.0 = Release|Any CPU
		{E7B6C401-9E4F-450D-8CD7-5AED48CA71D0}.Debug|Any CPU.ActiveCfg = Debug|Any CPU
		{E7B6C401-9E4F-450D-8CD7-5AED48CA71D0}.Debug|Any CPU.Build.0 = Debug|Any CPU
		{E7B6C401-9E4F-450D-8CD7-5AED48CA71D0}.Release|Any CPU.ActiveCfg = Release|Any CPU
		{E7B6C401-9E4F-450D-8CD7-5AED48CA71D0}.Release|Any CPU.Build.0 = Release|Any CPU
		{E0E8A90A-0E98-4367-B462-60D82F03EB26}.Debug|Any CPU.ActiveCfg = Debug|Any CPU
		{E0E8A90A-0E98-4367-B462-60D82F03EB26}.Debug|Any CPU.Build.0 = Debug|Any CPU
		{E0E8A90A-0E98-4367-B462-60D82F03EB26}.Release|Any CPU.ActiveCfg = Release|Any CPU
		{E0E8A90A-0E98-4367-B462-60D82F03EB26}.Release|Any CPU.Build.0 = Release|Any CPU
	EndGlobalSection
	GlobalSection(SolutionProperties) = preSolution
		HideSolutionNode = FALSE
	EndGlobalSection
	GlobalSection(NestedProjects) = preSolution
		{18EF005C-D575-43EE-9950-E9D5F98BF2F3} = {2590BE66-9193-447F-8901-2933680A2A1A}
		{35818647-CF34-4B61-870E-B57E0DCBA9C5} = {2590BE66-9193-447F-8901-2933680A2A1A}
		{4EA410F2-9384-466E-8902-AF937E711EAA} = {2590BE66-9193-447F-8901-2933680A2A1A}
		{93EFBAE6-34BE-418D-A696-54C606CABB46} = {2590BE66-9193-447F-8901-2933680A2A1A}
		{C34C18A0-D81F-4916-BD40-D3D7C5FB03A4} = {2590BE66-9193-447F-8901-2933680A2A1A}
		{31DB0D84-6AC6-438B-BBF3-FED5ED5DED91} = {2590BE66-9193-447F-8901-2933680A2A1A}
		{FB789228-CE35-4DE7-8A2B-2562F974B7CF} = {2590BE66-9193-447F-8901-2933680A2A1A}
		{F5D973E5-88C0-407F-8B8B-9063C56156ED} = {2590BE66-9193-447F-8901-2933680A2A1A}
		{049C8858-DF7D-4372-AF5D-F8E437AFFC23} = {2590BE66-9193-447F-8901-2933680A2A1A}
		{080E74CB-E71E-4A35-8A80-3CB524791A0B} = {2590BE66-9193-447F-8901-2933680A2A1A}
		{98C1992E-04E4-4F39-A8D5-22CEC8B3ACF2} = {A70C1F7A-01DB-4464-82B8-1BE91779D289}
		{70B6AE6F-57E2-4837-BADF-786B54603BE1} = {A70C1F7A-01DB-4464-82B8-1BE91779D289}
		{AF368B55-03AE-480E-AB77-1D24B1069DDA} = {A70C1F7A-01DB-4464-82B8-1BE91779D289}
		{91C0DF62-DEC5-4FFC-B214-11228D4C20EE} = {A70C1F7A-01DB-4464-82B8-1BE91779D289}
		{CF12A47E-50C8-4699-8958-393D3769F7D9} = {A70C1F7A-01DB-4464-82B8-1BE91779D289}
		{DB5491F9-43C3-45BA-98C4-91F8DA0F88F7} = {CF40514F-5747-4D5A-9FDF-4CAAE3AF025D}
		{93B4B691-726A-4313-B671-BD3FA93454F2} = {CF40514F-5747-4D5A-9FDF-4CAAE3AF025D}
		{AE4B9CE2-70FA-4192-BFF6-92206303E36D} = {CF40514F-5747-4D5A-9FDF-4CAAE3AF025D}
		{90E76790-DDD1-4261-B040-665CB0FE8147} = {CF40514F-5747-4D5A-9FDF-4CAAE3AF025D}
		{6A704E37-664D-4283-8A5A-76F0C067EC4C} = {CF40514F-5747-4D5A-9FDF-4CAAE3AF025D}
		{D00F5965-7924-4681-A2C7-794086FF5FF1} = {CF40514F-5747-4D5A-9FDF-4CAAE3AF025D}
		{80750CFC-2706-43D4-B782-82C78446135A} = {CF40514F-5747-4D5A-9FDF-4CAAE3AF025D}
		{E7B6C401-9E4F-450D-8CD7-5AED48CA71D0} = {CF40514F-5747-4D5A-9FDF-4CAAE3AF025D}
		{E0E8A90A-0E98-4367-B462-60D82F03EB26} = {CF40514F-5747-4D5A-9FDF-4CAAE3AF025D}
	EndGlobalSection
	GlobalSection(ExtensibilityGlobals) = postSolution
		SolutionGuid = {23A02E67-047C-49A3-BFC4-564EDEFDE7B3}
	EndGlobalSection
EndGlobal
