
Microsoft Visual Studio Solution File, Format Version 12.00
# Visual Studio Version 17
VisualStudioVersion = 17.11.35303.130
MinimumVisualStudioVersion = 10.0.40219.1
Project("{2150E333-8FDC-42A3-9474-1A3956D46DE8}") = "101-Console", "101-Console", "{2590BE66-9193-447F-8901-2933680A2A1A}"
EndProject
Project("{9A19103F-16F7-4668-BE54-9A1E7A4F7556}") = "Sample01.Basic.ConsoleApp", "Sample01.Basic.ConsoleApp\Sample01.Basic.ConsoleApp.csproj", "{18EF005C-D575-43EE-9950-E9D5F98BF2F3}"
EndProject
Project("{9A19103F-16F7-4668-BE54-9A1E7A4F7556}") = "Sample02.Basic.ConsoleApp.ChainRequest", "Sample02.Basic.ConsoleApp.ChainRequest\Sample02.Basic.ConsoleApp.ChainRequest.csproj", "{35818647-CF34-4B61-870E-B57E0DCBA9C5}"
EndProject
Project("{9A19103F-16F7-4668-BE54-9A1E7A4F7556}") = "Sample03.Basic.ConsoleApp.ProjectStructure", "Sample03.Basic.ConsoleApp.ProjectStructure\Sample03.Basic.ConsoleApp.ProjectStructure.csproj", "{4EA410F2-9384-466E-8902-AF937E711EAA}"
EndProject
Project("{9A19103F-16F7-4668-BE54-9A1E7A4F7556}") = "Sample04.Basic.ConsoleApp.WorkWithDatabase", "Sample04.Basic.ConsoleApp.WorkWithDatabase\Sample04.Basic.ConsoleApp.WorkWithDatabase.csproj", "{93EFBAE6-34BE-418D-A696-54C606CABB46}"
EndProject
Project("{9A19103F-16F7-4668-BE54-9A1E7A4F7556}") = "Sample05.Basic.ConsoleApp.WorkWithCorrelation", "Sample05.Basic.ConsoleApp.WorkWithCorrelation\Sample05.Basic.ConsoleApp.WorkWithCorrelation.csproj", "{C34C18A0-D81F-4916-BD40-D3D7C5FB03A4}"
EndProject
Project("{9A19103F-16F7-4668-BE54-9A1E7A4F7556}") = "Sample06.Basic.ConsoleApp.CustomCorrelationContext", "Sample06.Basic.ConsoleApp.CustomCorrelationContext\Sample06.Basic.ConsoleApp.CustomCorrelationContext.csproj", "{31DB0D84-6AC6-438B-BBF3-FED5ED5DED91}"
EndProject
Project("{9A19103F-16F7-4668-BE54-9A1E7A4F7556}") = "Sample07.Basic.ConsoleApp.ModelMapping", "Sample07.Basic.ConsoleApp.ModelMapping\Sample07.Basic.ConsoleApp.ModelMapping.csproj", "{FB789228-CE35-4DE7-8A2B-2562F974B7CF}"
EndProject
Project("{9A19103F-16F7-4668-BE54-9A1E7A4F7556}") = "Sample08.Basic.ConsoleApp.ReferenceOtherProjects", "Sample08.Basic.ConsoleApp.ReferenceOtherProjects\Sample08.Basic.ConsoleApp.ReferenceOtherProjects.csproj", "{F5D973E5-88C0-407F-8B8B-9063C56156ED}"
EndProject
Project("{9A19103F-16F7-4668-BE54-9A1E7A4F7556}") = "Sample09.Basic.ConsoleApp.PublishToMultipleHandlers", "Sample09.Basic.ConsoleApp.PublishToMultipleHandlers\Sample09.Basic.ConsoleApp.PublishToMultipleHandlers.csproj", "{049C8858-DF7D-4372-AF5D-F8E437AFFC23}"
EndProject
Project("{9A19103F-16F7-4668-BE54-9A1E7A4F7556}") = "Sample10.Basic.ConsoleApp.LongRunningTask", "Sample10.Basic.ConsoleApp.LongRunningTask\Sample10.Basic.ConsoleApp.LongRunningTask.csproj", "{080E74CB-E71E-4A35-8A80-3CB524791A0B}"
EndProject
Global
	GlobalSection(SolutionConfigurationPlatforms) = preSolution
		Debug|Any CPU = Debug|Any CPU
		Release|Any CPU = Release|Any CPU
	EndGlobalSection
	GlobalSection(ProjectConfigurationPlatforms) = postSolution
		{18EF005C-D575-43EE-9950-E9D5F98BF2F3}.Debug|Any CPU.ActiveCfg = Debug|Any CPU
		{18EF005C-D575-43EE-9950-E9D5F98BF2F3}.Debug|Any CPU.Build.0 = Debug|Any CPU
		{18EF005C-D575-43EE-9950-E9D5F98BF2F3}.Release|Any CPU.ActiveCfg = Release|Any CPU
		{18EF005C-D575-43EE-9950-E9D5F98BF2F3}.Release|Any CPU.Build.0 = Release|Any CPU
		{35818647-CF34-4B61-870E-B57E0DCBA9C5}.Debug|Any CPU.ActiveCfg = Debug|Any CPU
		{35818647-CF34-4B61-870E-B57E0DCBA9C5}.Debug|Any CPU.Build.0 = Debug|Any CPU
		{35818647-CF34-4B61-870E-B57E0DCBA9C5}.Release|Any CPU.ActiveCfg = Release|Any CPU
		{35818647-CF34-4B61-870E-B57E0DCBA9C5}.Release|Any CPU.Build.0 = Release|Any CPU
		{4EA410F2-9384-466E-8902-AF937E711EAA}.Debug|Any CPU.ActiveCfg = Debug|Any CPU
		{4EA410F2-9384-466E-8902-AF937E711EAA}.Debug|Any CPU.Build.0 = Debug|Any CPU
		{4EA410F2-9384-466E-8902-AF937E711EAA}.Release|Any CPU.ActiveCfg = Release|Any CPU
		{4EA410F2-9384-466E-8902-AF937E711EAA}.Release|Any CPU.Build.0 = Release|Any CPU
		{93EFBAE6-34BE-418D-A696-54C606CABB46}.Debug|Any CPU.ActiveCfg = Debug|Any CPU
		{93EFBAE6-34BE-418D-A696-54C606CABB46}.Debug|Any CPU.Build.0 = Debug|Any CPU
		{93EFBAE6-34BE-418D-A696-54C606CABB46}.Release|Any CPU.ActiveCfg = Release|Any CPU
		{93EFBAE6-34BE-418D-A696-54C606CABB46}.Release|Any CPU.Build.0 = Release|Any CPU
		{C34C18A0-D81F-4916-BD40-D3D7C5FB03A4}.Debug|Any CPU.ActiveCfg = Debug|Any CPU
		{C34C18A0-D81F-4916-BD40-D3D7C5FB03A4}.Debug|Any CPU.Build.0 = Debug|Any CPU
		{C34C18A0-D81F-4916-BD40-D3D7C5FB03A4}.Release|Any CPU.ActiveCfg = Release|Any CPU
		{C34C18A0-D81F-4916-BD40-D3D7C5FB03A4}.Release|Any CPU.Build.0 = Release|Any CPU
		{31DB0D84-6AC6-438B-BBF3-FED5ED5DED91}.Debug|Any CPU.ActiveCfg = Debug|Any CPU
		{31DB0D84-6AC6-438B-BBF3-FED5ED5DED91}.Debug|Any CPU.Build.0 = Debug|Any CPU
		{31DB0D84-6AC6-438B-BBF3-FED5ED5DED91}.Release|Any CPU.ActiveCfg = Release|Any CPU
		{31DB0D84-6AC6-438B-BBF3-FED5ED5DED91}.Release|Any CPU.Build.0 = Release|Any CPU
		{FB789228-CE35-4DE7-8A2B-2562F974B7CF}.Debug|Any CPU.ActiveCfg = Debug|Any CPU
		{FB789228-CE35-4DE7-8A2B-2562F974B7CF}.Debug|Any CPU.Build.0 = Debug|Any CPU
		{FB789228-CE35-4DE7-8A2B-2562F974B7CF}.Release|Any CPU.ActiveCfg = Release|Any CPU
		{FB789228-CE35-4DE7-8A2B-2562F974B7CF}.Release|Any CPU.Build.0 = Release|Any CPU
		{F5D973E5-88C0-407F-8B8B-9063C56156ED}.Debug|Any CPU.ActiveCfg = Debug|Any CPU
		{F5D973E5-88C0-407F-8B8B-9063C56156ED}.Debug|Any CPU.Build.0 = Debug|Any CPU
		{F5D973E5-88C0-407F-8B8B-9063C56156ED}.Release|Any CPU.ActiveCfg = Release|Any CPU
		{F5D973E5-88C0-407F-8B8B-9063C56156ED}.Release|Any CPU.Build.0 = Release|Any CPU
		{049C8858-DF7D-4372-AF5D-F8E437AFFC23}.Debug|Any CPU.ActiveCfg = Debug|Any CPU
		{049C8858-DF7D-4372-AF5D-F8E437AFFC23}.Debug|Any CPU.Build.0 = Debug|Any CPU
		{049C8858-DF7D-4372-AF5D-F8E437AFFC23}.Release|Any CPU.ActiveCfg = Release|Any CPU
		{049C8858-DF7D-4372-AF5D-F8E437AFFC23}.Release|Any CPU.Build.0 = Release|Any CPU
		{080E74CB-E71E-4A35-8A80-3CB524791A0B}.Debug|Any CPU.ActiveCfg = Debug|Any CPU
		{080E74CB-E71E-4A35-8A80-3CB524791A0B}.Debug|Any CPU.Build.0 = Debug|Any CPU
		{080E74CB-E71E-4A35-8A80-3CB524791A0B}.Release|Any CPU.ActiveCfg = Release|Any CPU
		{080E74CB-E71E-4A35-8A80-3CB524791A0B}.Release|Any CPU.Build.0 = Release|Any CPU
	EndGlobalSection
	GlobalSection(SolutionProperties) = preSolution
		HideSolutionNode = FALSE
	EndGlobalSection
	GlobalSection(NestedProjects) = preSolution
		{18EF005C-D575-43EE-9950-E9D5F98BF2F3} = {2590BE66-9193-447F-8901-2933680A2A1A}
		{35818647-CF34-4B61-870E-B57E0DCBA9C5} = {2590BE66-9193-447F-8901-2933680A2A1A}
		{4EA410F2-9384-466E-8902-AF937E711EAA} = {2590BE66-9193-447F-8901-2933680A2A1A}
		{93EFBAE6-34BE-418D-A696-54C606CABB46} = {2590BE66-9193-447F-8901-2933680A2A1A}
		{C34C18A0-D81F-4916-BD40-D3D7C5FB03A4} = {2590BE66-9193-447F-8901-2933680A2A1A}
		{31DB0D84-6AC6-438B-BBF3-FED5ED5DED91} = {2590BE66-9193-447F-8901-2933680A2A1A}
		{FB789228-CE35-4DE7-8A2B-2562F974B7CF} = {2590BE66-9193-447F-8901-2933680A2A1A}
		{F5D973E5-88C0-407F-8B8B-9063C56156ED} = {2590BE66-9193-447F-8901-2933680A2A1A}
		{049C8858-DF7D-4372-AF5D-F8E437AFFC23} = {2590BE66-9193-447F-8901-2933680A2A1A}
		{080E74CB-E71E-4A35-8A80-3CB524791A0B} = {2590BE66-9193-447F-8901-2933680A2A1A}
	EndGlobalSection
	GlobalSection(ExtensibilityGlobals) = postSolution
		SolutionGuid = {23A02E67-047C-49A3-BFC4-564EDEFDE7B3}
	EndGlobalSection
EndGlobal
