
Microsoft Visual Studio Solution File, Format Version 12.00
# Visual Studio Version 17
VisualStudioVersion = 17.8.34330.188
MinimumVisualStudioVersion = 10.0.40219.1
Project("{9A19103F-16F7-4668-BE54-9A1E7A4F7556}") = "TTSS.Core.Abstractions", "TTSS.Core.Abstractions\TTSS.Core.Abstractions.csproj", "{A0C457AB-85FD-4F69-9FA8-43FAFB54AA89}"
EndProject
Project("{9A19103F-16F7-4668-BE54-9A1E7A4F7556}") = "TTSS.Core", "TTSS.Core\TTSS.Core.csproj", "{C8D9B821-8451-4C0D-8647-C53EE8A6F28A}"
EndProject
Project("{2150E333-8FDC-42A3-9474-1A3956D46DE8}") = "tests", "tests", "{3FB8EC49-9B19-457C-AFA3-B5E25E290D55}"
EndProject
Project("{9A19103F-16F7-4668-BE54-9A1E7A4F7556}") = "TTSS.Tests", "tests\TTSS.Tests\TTSS.Tests.csproj", "{6E08C414-B742-49F4-8512-5114EB45009A}"
EndProject
Project("{9A19103F-16F7-4668-BE54-9A1E7A4F7556}") = "TTSS.Core.Tests", "tests\TTSS.Core.Tests\TTSS.Core.Tests.csproj", "{C1827A89-35CC-424E-BB9D-F75381FBB583}"
EndProject
Project("{9A19103F-16F7-4668-BE54-9A1E7A4F7556}") = "TTSS.Core.Web", "TTSS.Core.Web\TTSS.Core.Web.csproj", "{FCDA0994-6176-4BAA-A947-C4F1C681F06C}"
EndProject
Project("{9A19103F-16F7-4668-BE54-9A1E7A4F7556}") = "TTSS.Core.gRPC", "TTSS.Core.gRPC\TTSS.Core.gRPC.csproj", "{0B112EE8-1CB1-4ACC-A137-915D943CEC3A}"
EndProject
Project("{9A19103F-16F7-4668-BE54-9A1E7A4F7556}") = "TTSS.Infra.MongoDB", "TTSS.Infra.MongoDB\TTSS.Infra.MongoDB.csproj", "{4AF5223C-5FA8-4A1D-875F-BED9BCDA8CDE}"
EndProject
Project("{9A19103F-16F7-4668-BE54-9A1E7A4F7556}") = "TTSS.Infra.MongoDB.Tests", "tests\TTSS.Infra.MongoDB.Tests\TTSS.Infra.MongoDB.Tests.csproj", "{33FFFDF1-DC6D-48DF-98FE-CA8359769110}"
EndProject
Project("{9A19103F-16F7-4668-BE54-9A1E7A4F7556}") = "TTSS.Infra.OpenTelemetry", "TTSS.Infra.OpenTelemetry\TTSS.Infra.OpenTelemetry.csproj", "{3DA96473-2CFA-45D2-8760-9C62618A30CF}"
EndProject
Project("{9A19103F-16F7-4668-BE54-9A1E7A4F7556}") = "TTSS.Infra.OpenTelemetry.Tests", "tests\TTSS.Infra.OpenTelemetry.Tests\TTSS.Infra.OpenTelemetry.Tests.csproj", "{5DD06DC7-B362-4687-AC4D-EC3A2C26EA24}"
EndProject
Project("{9A19103F-16F7-4668-BE54-9A1E7A4F7556}") = "TTSS.Infra.Redis", "TTSS.Infra.Redis\TTSS.Infra.Redis.csproj", "{370AC40C-313B-4F65-A1EB-3C79722F68CC}"
EndProject
Project("{9A19103F-16F7-4668-BE54-9A1E7A4F7556}") = "TTSS.Infra.Redis.Tests", "tests\TTSS.Infra.Redis.Tests\TTSS.Infra.Redis.Tests.csproj", "{74E1C447-9E2A-47DE-915F-3B3D10AB7B8B}"
EndProject
Project("{9A19103F-16F7-4668-BE54-9A1E7A4F7556}") = "TTSS.Infra.Sql", "TTSS.Infra.Sql\TTSS.Infra.Sql.csproj", "{3718E220-84FB-4621-B2EB-8977E30454F9}"
EndProject
Project("{9A19103F-16F7-4668-BE54-9A1E7A4F7556}") = "TTSS.Infra.Sql.Tests", "tests\TTSS.Infra.Sql.Tests\TTSS.Infra.Sql.Tests.csproj", "{BF5A7BFE-7BE9-4CA3-B831-5F19830FB093}"
EndProject
Project("{2150E333-8FDC-42A3-9474-1A3956D46DE8}") = "playgrounds", "playgrounds", "{A6E675DB-E514-4F2B-B508-1C2F7B88F2ED}"
EndProject
Project("{9A19103F-16F7-4668-BE54-9A1E7A4F7556}") = "Shopping.Shared", "..\playgrounds\Shopping.Shared\Shopping.Shared.csproj", "{393E2B63-15DD-4119-982A-6D47BAE02B42}"
EndProject
Project("{9A19103F-16F7-4668-BE54-9A1E7A4F7556}") = "Shopping.WebApi", "..\playgrounds\Shopping.WebApi\Shopping.WebApi.csproj", "{B385E26C-EF6C-4D2C-ABFB-7EA05ED56639}"
EndProject
Project("{9A19103F-16F7-4668-BE54-9A1E7A4F7556}") = "Shopping.Idp", "..\playgrounds\Shopping.Idp\Shopping.Idp.csproj", "{A4067792-790D-4771-87A1-DC6527BD8ADB}"
EndProject
Project("{9A19103F-16F7-4668-BE54-9A1E7A4F7556}") = "TTSS.Core.Web.Identity", "TTSS.Core.Web.Identity\TTSS.Core.Web.Identity.csproj", "{1A876CBC-7DB9-449A-B721-A1E96149481F}"
EndProject
Project("{9A19103F-16F7-4668-BE54-9A1E7A4F7556}") = "Shopping.BackgroundTasks", "..\playgrounds\Shopping.BackgroundTasks\Shopping.BackgroundTasks.csproj", "{AE1CDB72-8864-47A8-8F5D-0E0CCB7D2629}"
EndProject
Project("{9A19103F-16F7-4668-BE54-9A1E7A4F7556}") = "TTSS.Core.Hosting", "TTSS.Core.Hosting\TTSS.Core.Hosting.csproj", "{66DA32D9-001F-4DF9-8112-8ADFA6B4894D}"
EndProject
Project("{FAE04EC0-301F-11D3-BF4B-00C04F79EFBC}") = "TTSS.Core.Remoting", "TTSS.Core.Remoting\TTSS.Core.Remoting.csproj", "{494FF195-F8D8-4D1B-B2BE-2E730FDAC8EE}"
EndProject
Global
	GlobalSection(SolutionConfigurationPlatforms) = preSolution
		Debug|Any CPU = Debug|Any CPU
		Release|Any CPU = Release|Any CPU
	EndGlobalSection
	GlobalSection(ProjectConfigurationPlatforms) = postSolution
		{A0C457AB-85FD-4F69-9FA8-43FAFB54AA89}.Debug|Any CPU.ActiveCfg = Debug|Any CPU
		{A0C457AB-85FD-4F69-9FA8-43FAFB54AA89}.Debug|Any CPU.Build.0 = Debug|Any CPU
		{A0C457AB-85FD-4F69-9FA8-43FAFB54AA89}.Release|Any CPU.ActiveCfg = Release|Any CPU
		{A0C457AB-85FD-4F69-9FA8-43FAFB54AA89}.Release|Any CPU.Build.0 = Release|Any CPU
		{C8D9B821-8451-4C0D-8647-C53EE8A6F28A}.Debug|Any CPU.ActiveCfg = Debug|Any CPU
		{C8D9B821-8451-4C0D-8647-C53EE8A6F28A}.Debug|Any CPU.Build.0 = Debug|Any CPU
		{C8D9B821-8451-4C0D-8647-C53EE8A6F28A}.Release|Any CPU.ActiveCfg = Release|Any CPU
		{C8D9B821-8451-4C0D-8647-C53EE8A6F28A}.Release|Any CPU.Build.0 = Release|Any CPU
		{6E08C414-B742-49F4-8512-5114EB45009A}.Debug|Any CPU.ActiveCfg = Debug|Any CPU
		{6E08C414-B742-49F4-8512-5114EB45009A}.Debug|Any CPU.Build.0 = Debug|Any CPU
		{6E08C414-B742-49F4-8512-5114EB45009A}.Release|Any CPU.ActiveCfg = Release|Any CPU
		{6E08C414-B742-49F4-8512-5114EB45009A}.Release|Any CPU.Build.0 = Release|Any CPU
		{C1827A89-35CC-424E-BB9D-F75381FBB583}.Debug|Any CPU.ActiveCfg = Debug|Any CPU
		{C1827A89-35CC-424E-BB9D-F75381FBB583}.Debug|Any CPU.Build.0 = Debug|Any CPU
		{C1827A89-35CC-424E-BB9D-F75381FBB583}.Release|Any CPU.ActiveCfg = Release|Any CPU
		{C1827A89-35CC-424E-BB9D-F75381FBB583}.Release|Any CPU.Build.0 = Release|Any CPU
		{FCDA0994-6176-4BAA-A947-C4F1C681F06C}.Debug|Any CPU.ActiveCfg = Debug|Any CPU
		{FCDA0994-6176-4BAA-A947-C4F1C681F06C}.Debug|Any CPU.Build.0 = Debug|Any CPU
		{FCDA0994-6176-4BAA-A947-C4F1C681F06C}.Release|Any CPU.ActiveCfg = Release|Any CPU
		{FCDA0994-6176-4BAA-A947-C4F1C681F06C}.Release|Any CPU.Build.0 = Release|Any CPU
		{0B112EE8-1CB1-4ACC-A137-915D943CEC3A}.Debug|Any CPU.ActiveCfg = Debug|Any CPU
		{0B112EE8-1CB1-4ACC-A137-915D943CEC3A}.Debug|Any CPU.Build.0 = Debug|Any CPU
		{0B112EE8-1CB1-4ACC-A137-915D943CEC3A}.Release|Any CPU.ActiveCfg = Release|Any CPU
		{0B112EE8-1CB1-4ACC-A137-915D943CEC3A}.Release|Any CPU.Build.0 = Release|Any CPU
		{4AF5223C-5FA8-4A1D-875F-BED9BCDA8CDE}.Debug|Any CPU.ActiveCfg = Debug|Any CPU
		{4AF5223C-5FA8-4A1D-875F-BED9BCDA8CDE}.Debug|Any CPU.Build.0 = Debug|Any CPU
		{4AF5223C-5FA8-4A1D-875F-BED9BCDA8CDE}.Release|Any CPU.ActiveCfg = Release|Any CPU
		{4AF5223C-5FA8-4A1D-875F-BED9BCDA8CDE}.Release|Any CPU.Build.0 = Release|Any CPU
		{33FFFDF1-DC6D-48DF-98FE-CA8359769110}.Debug|Any CPU.ActiveCfg = Debug|Any CPU
		{33FFFDF1-DC6D-48DF-98FE-CA8359769110}.Debug|Any CPU.Build.0 = Debug|Any CPU
		{33FFFDF1-DC6D-48DF-98FE-CA8359769110}.Release|Any CPU.ActiveCfg = Release|Any CPU
		{33FFFDF1-DC6D-48DF-98FE-CA8359769110}.Release|Any CPU.Build.0 = Release|Any CPU
		{3DA96473-2CFA-45D2-8760-9C62618A30CF}.Debug|Any CPU.ActiveCfg = Debug|Any CPU
		{3DA96473-2CFA-45D2-8760-9C62618A30CF}.Debug|Any CPU.Build.0 = Debug|Any CPU
		{3DA96473-2CFA-45D2-8760-9C62618A30CF}.Release|Any CPU.ActiveCfg = Release|Any CPU
		{3DA96473-2CFA-45D2-8760-9C62618A30CF}.Release|Any CPU.Build.0 = Release|Any CPU
		{5DD06DC7-B362-4687-AC4D-EC3A2C26EA24}.Debug|Any CPU.ActiveCfg = Debug|Any CPU
		{5DD06DC7-B362-4687-AC4D-EC3A2C26EA24}.Debug|Any CPU.Build.0 = Debug|Any CPU
		{5DD06DC7-B362-4687-AC4D-EC3A2C26EA24}.Release|Any CPU.ActiveCfg = Release|Any CPU
		{5DD06DC7-B362-4687-AC4D-EC3A2C26EA24}.Release|Any CPU.Build.0 = Release|Any CPU
		{370AC40C-313B-4F65-A1EB-3C79722F68CC}.Debug|Any CPU.ActiveCfg = Debug|Any CPU
		{370AC40C-313B-4F65-A1EB-3C79722F68CC}.Debug|Any CPU.Build.0 = Debug|Any CPU
		{370AC40C-313B-4F65-A1EB-3C79722F68CC}.Release|Any CPU.ActiveCfg = Release|Any CPU
		{370AC40C-313B-4F65-A1EB-3C79722F68CC}.Release|Any CPU.Build.0 = Release|Any CPU
		{74E1C447-9E2A-47DE-915F-3B3D10AB7B8B}.Debug|Any CPU.ActiveCfg = Debug|Any CPU
		{74E1C447-9E2A-47DE-915F-3B3D10AB7B8B}.Debug|Any CPU.Build.0 = Debug|Any CPU
		{74E1C447-9E2A-47DE-915F-3B3D10AB7B8B}.Release|Any CPU.ActiveCfg = Release|Any CPU
		{74E1C447-9E2A-47DE-915F-3B3D10AB7B8B}.Release|Any CPU.Build.0 = Release|Any CPU
		{3718E220-84FB-4621-B2EB-8977E30454F9}.Debug|Any CPU.ActiveCfg = Debug|Any CPU
		{3718E220-84FB-4621-B2EB-8977E30454F9}.Debug|Any CPU.Build.0 = Debug|Any CPU
		{3718E220-84FB-4621-B2EB-8977E30454F9}.Release|Any CPU.ActiveCfg = Release|Any CPU
		{3718E220-84FB-4621-B2EB-8977E30454F9}.Release|Any CPU.Build.0 = Release|Any CPU
		{BF5A7BFE-7BE9-4CA3-B831-5F19830FB093}.Debug|Any CPU.ActiveCfg = Debug|Any CPU
		{BF5A7BFE-7BE9-4CA3-B831-5F19830FB093}.Debug|Any CPU.Build.0 = Debug|Any CPU
		{BF5A7BFE-7BE9-4CA3-B831-5F19830FB093}.Release|Any CPU.ActiveCfg = Release|Any CPU
		{BF5A7BFE-7BE9-4CA3-B831-5F19830FB093}.Release|Any CPU.Build.0 = Release|Any CPU
		{393E2B63-15DD-4119-982A-6D47BAE02B42}.Debug|Any CPU.ActiveCfg = Debug|Any CPU
		{393E2B63-15DD-4119-982A-6D47BAE02B42}.Debug|Any CPU.Build.0 = Debug|Any CPU
		{393E2B63-15DD-4119-982A-6D47BAE02B42}.Release|Any CPU.ActiveCfg = Release|Any CPU
		{393E2B63-15DD-4119-982A-6D47BAE02B42}.Release|Any CPU.Build.0 = Release|Any CPU
		{B385E26C-EF6C-4D2C-ABFB-7EA05ED56639}.Debug|Any CPU.ActiveCfg = Debug|Any CPU
		{B385E26C-EF6C-4D2C-ABFB-7EA05ED56639}.Debug|Any CPU.Build.0 = Debug|Any CPU
		{B385E26C-EF6C-4D2C-ABFB-7EA05ED56639}.Release|Any CPU.ActiveCfg = Release|Any CPU
		{B385E26C-EF6C-4D2C-ABFB-7EA05ED56639}.Release|Any CPU.Build.0 = Release|Any CPU
		{A4067792-790D-4771-87A1-DC6527BD8ADB}.Debug|Any CPU.ActiveCfg = Debug|Any CPU
		{A4067792-790D-4771-87A1-DC6527BD8ADB}.Debug|Any CPU.Build.0 = Debug|Any CPU
		{A4067792-790D-4771-87A1-DC6527BD8ADB}.Release|Any CPU.ActiveCfg = Release|Any CPU
		{A4067792-790D-4771-87A1-DC6527BD8ADB}.Release|Any CPU.Build.0 = Release|Any CPU
		{1A876CBC-7DB9-449A-B721-A1E96149481F}.Debug|Any CPU.ActiveCfg = Debug|Any CPU
		{1A876CBC-7DB9-449A-B721-A1E96149481F}.Debug|Any CPU.Build.0 = Debug|Any CPU
		{1A876CBC-7DB9-449A-B721-A1E96149481F}.Release|Any CPU.ActiveCfg = Release|Any CPU
		{1A876CBC-7DB9-449A-B721-A1E96149481F}.Release|Any CPU.Build.0 = Release|Any CPU
		{AE1CDB72-8864-47A8-8F5D-0E0CCB7D2629}.Debug|Any CPU.ActiveCfg = Debug|Any CPU
		{AE1CDB72-8864-47A8-8F5D-0E0CCB7D2629}.Debug|Any CPU.Build.0 = Debug|Any CPU
		{AE1CDB72-8864-47A8-8F5D-0E0CCB7D2629}.Release|Any CPU.ActiveCfg = Release|Any CPU
		{AE1CDB72-8864-47A8-8F5D-0E0CCB7D2629}.Release|Any CPU.Build.0 = Release|Any CPU
		{66DA32D9-001F-4DF9-8112-8ADFA6B4894D}.Debug|Any CPU.ActiveCfg = Debug|Any CPU
		{66DA32D9-001F-4DF9-8112-8ADFA6B4894D}.Debug|Any CPU.Build.0 = Debug|Any CPU
		{66DA32D9-001F-4DF9-8112-8ADFA6B4894D}.Release|Any CPU.ActiveCfg = Release|Any CPU
		{66DA32D9-001F-4DF9-8112-8ADFA6B4894D}.Release|Any CPU.Build.0 = Release|Any CPU
		{494FF195-F8D8-4D1B-B2BE-2E730FDAC8EE}.Debug|Any CPU.ActiveCfg = Debug|Any CPU
		{494FF195-F8D8-4D1B-B2BE-2E730FDAC8EE}.Debug|Any CPU.Build.0 = Debug|Any CPU
		{494FF195-F8D8-4D1B-B2BE-2E730FDAC8EE}.Release|Any CPU.ActiveCfg = Release|Any CPU
		{494FF195-F8D8-4D1B-B2BE-2E730FDAC8EE}.Release|Any CPU.Build.0 = Release|Any CPU
	EndGlobalSection
	GlobalSection(SolutionProperties) = preSolution
		HideSolutionNode = FALSE
	EndGlobalSection
	GlobalSection(NestedProjects) = preSolution
		{6E08C414-B742-49F4-8512-5114EB45009A} = {3FB8EC49-9B19-457C-AFA3-B5E25E290D55}
		{C1827A89-35CC-424E-BB9D-F75381FBB583} = {3FB8EC49-9B19-457C-AFA3-B5E25E290D55}
		{33FFFDF1-DC6D-48DF-98FE-CA8359769110} = {3FB8EC49-9B19-457C-AFA3-B5E25E290D55}
		{5DD06DC7-B362-4687-AC4D-EC3A2C26EA24} = {3FB8EC49-9B19-457C-AFA3-B5E25E290D55}
		{74E1C447-9E2A-47DE-915F-3B3D10AB7B8B} = {3FB8EC49-9B19-457C-AFA3-B5E25E290D55}
		{BF5A7BFE-7BE9-4CA3-B831-5F19830FB093} = {3FB8EC49-9B19-457C-AFA3-B5E25E290D55}
		{393E2B63-15DD-4119-982A-6D47BAE02B42} = {A6E675DB-E514-4F2B-B508-1C2F7B88F2ED}
		{B385E26C-EF6C-4D2C-ABFB-7EA05ED56639} = {A6E675DB-E514-4F2B-B508-1C2F7B88F2ED}
		{A4067792-790D-4771-87A1-DC6527BD8ADB} = {A6E675DB-E514-4F2B-B508-1C2F7B88F2ED}
		{AE1CDB72-8864-47A8-8F5D-0E0CCB7D2629} = {A6E675DB-E514-4F2B-B508-1C2F7B88F2ED}
	EndGlobalSection
	GlobalSection(ExtensibilityGlobals) = postSolution
		SolutionGuid = {4C7536CF-5DA1-45F5-A439-A8DB5467B639}
	EndGlobalSection
EndGlobal
